<Solution>
  <Folder Name="/src/">
    <Project Path="src/Tjslp.CredentialManager/Tjslp.CredentialManager.csproj" />
    <Project Path="src/Tjslp.CredentialManager.Protocol/Tjslp.CredentialManager.Protocol.csproj" />
  </Folder>
  <Folder Name="/tests/">
    <Project Path="tests/Tjslp.CredentialManager.E2E/Tjslp.CredentialManager.E2E.csproj" />
  </Folder>
</Solution>
